
Microsoft Visual Studio Solution File, Format Version 12.00
# Visual Studio Version 17
VisualStudioVersion = 17.10.35122.118
MinimumVisualStudioVersion = 10.0.40219.1
Project("{9A19103F-16F7-4668-BE54-9A1E7A4F7556}") = "BusinessObject", "BusinessObject\BusinessObject.csproj", "{384A8039-EA92-4EB8-9EE0-0C2C30834E11}"
EndProject
Project("{9A19103F-16F7-4668-BE54-9A1E7A4F7556}") = "DataAccess", "DataAccess\DataAccess.csproj", "{0CC4289F-FC62-4B7D-A56E-A2FA5B319A62}"
EndProject
Project("{9A19103F-16F7-4668-BE54-9A1E7A4F7556}") = "HospitalManagementSystem_WPF", "HospitalManagementSystem_WPF\HospitalManagementSystem_WPF.csproj", "{A0A3D183-C41D-45AA-B617-15EAE7233BB6}"
EndProject
Global
	GlobalSection(SolutionConfigurationPlatforms) = preSolution
		Debug|Any CPU = Debug|Any CPU
		Release|Any CPU = Release|Any CPU
	EndGlobalSection
	GlobalSection(ProjectConfigurationPlatforms) = postSolution
		{384A8039-EA92-4EB8-9EE0-0C2C30834E11}.Debug|Any CPU.ActiveCfg = Debug|Any CPU
		{384A8039-EA92-4EB8-9EE0-0C2C30834E11}.Debug|Any CPU.Build.0 = Debug|Any CPU
		{384A8039-EA92-4EB8-9EE0-0C2C30834E11}.Release|Any CPU.ActiveCfg = Release|Any CPU
		{384A8039-EA92-4EB8-9EE0-0C2C30834E11}.Release|Any CPU.Build.0 = Release|Any CPU
		{0CC4289F-FC62-4B7D-A56E-A2FA5B319A62}.Debug|Any CPU.ActiveCfg = Debug|Any CPU
		{0CC4289F-FC62-4B7D-A56E-A2FA5B319A62}.Debug|Any CPU.Build.0 = Debug|Any CPU
		{0CC4289F-FC62-4B7D-A56E-A2FA5B319A62}.Release|Any CPU.ActiveCfg = Release|Any CPU
		{0CC4289F-FC62-4B7D-A56E-A2FA5B319A62}.Release|Any CPU.Build.0 = Release|Any CPU
		{A0A3D183-C41D-45AA-B617-15EAE7233BB6}.Debug|Any CPU.ActiveCfg = Debug|Any CPU
		{A0A3D183-C41D-45AA-B617-15EAE7233BB6}.Debug|Any CPU.Build.0 = Debug|Any CPU
		{A0A3D183-C41D-45AA-B617-15EAE7233BB6}.Release|Any CPU.ActiveCfg = Release|Any CPU
		{A0A3D183-C41D-45AA-B617-15EAE7233BB6}.Release|Any CPU.Build.0 = Release|Any CPU
	EndGlobalSection
	GlobalSection(SolutionProperties) = preSolution
		HideSolutionNode = FALSE
	EndGlobalSection
	GlobalSection(ExtensibilityGlobals) = postSolution
		SolutionGuid = {C9EB692E-2FFE-46A5-A150-64C0BF3D9A72}
	EndGlobalSection
EndGlobal
